
Microsoft Visual Studio Solution File, Format Version 12.00
# Visual Studio Version 17
VisualStudioVersion = 17.14.36414.22 d17.14
MinimumVisualStudioVersion = 10.0.40219.1
Project("{FAE04EC0-301F-11D3-BF4B-00C04F79EFBC}") = "TestApp", "TestApp\TestApp.csproj", "{EF568803-578A-434E-B80C-95DD2E7976E8}"
EndProject
Global
	GlobalSection(SolutionConfigurationPlatforms) = preSolution
		Debug|Any CPU = Debug|Any CPU
		Release|Any CPU = Release|Any CPU
	EndGlobalSection
	GlobalSection(ProjectConfigurationPlatforms) = postSolution
		{EF568803-578A-434E-B80C-95DD2E7976E8}.Debug|Any CPU.ActiveCfg = Debug|Any CPU
		{EF568803-578A-434E-B80C-95DD2E7976E8}.Debug|Any CPU.Build.0 = Debug|Any CPU
		{EF568803-578A-434E-B80C-95DD2E7976E8}.Release|Any CPU.ActiveCfg = Release|Any CPU
		{EF568803-578A-434E-B80C-95DD2E7976E8}.Release|Any CPU.Build.0 = Release|Any CPU
	EndGlobalSection
	GlobalSection(SolutionProperties) = preSolution
		HideSolutionNode = FALSE
	EndGlobalSection
	GlobalSection(ExtensibilityGlobals) = postSolution
		SolutionGuid = {708E2C02-5A80-4029-97BA-8794C67F8962}
	EndGlobalSection
EndGlobal
